// !$*UTF8*$!
{
	archiveVersion = 1;
	classes = {
	};
	objectVersion = 46;
	objects = {

/* Begin PBXBuildFile section */
		271103B71D1D78EE00BCE968 /* Networking.swift in Sources */ = {isa = PBXBuildFile; fileRef = 271103B61D1D78EE00BCE968 /* Networking.swift */; };
		271103B91D1D790100BCE968 /* Survey.swift in Sources */ = {isa = PBXBuildFile; fileRef = 271103B81D1D790100BCE968 /* Survey.swift */; };
		CF16C0231C6C25FD004D5122 /* Survata.h in Headers */ = {isa = PBXBuildFile; fileRef = CF16C0221C6C25FD004D5122 /* Survata.h */; settings = {ATTRIBUTES = (Public, ); }; };
		CF57C63B1C7D431700DA54EB /* survata-spinner.png in Resources */ = {isa = PBXBuildFile; fileRef = CF57C63A1C7D431700DA54EB /* survata-spinner.png */; };
		CF8687621C6C42010032F22B /* template.html in Resources */ = {isa = PBXBuildFile; fileRef = CF8687611C6C42010032F22B /* template.html */; };
		CF955ABF1C71AA25002AEBEA /* PostalCode.swift in Sources */ = {isa = PBXBuildFile; fileRef = CF955ABE1C71AA25002AEBEA /* PostalCode.swift */; };
		CF955ADF1C71B639002AEBEA /* Reachability.swift in Sources */ = {isa = PBXBuildFile; fileRef = CF955ADE1C71B639002AEBEA /* Reachability.swift */; };
		CF9CB4451C7BF9DA003AB816 /* UI.swift in Sources */ = {isa = PBXBuildFile; fileRef = CF9CB4441C7BF9DA003AB816 /* UI.swift */; };
/* End PBXBuildFile section */

/* Begin PBXFileReference section */
		271103B61D1D78EE00BCE968 /* Networking.swift */ = {isa = PBXFileReference; fileEncoding = 4; lastKnownFileType = sourcecode.swift; path = Networking.swift; sourceTree = "<group>"; };
		271103B81D1D790100BCE968 /* Survey.swift */ = {isa = PBXFileReference; fileEncoding = 4; lastKnownFileType = sourcecode.swift; path = Survey.swift; sourceTree = "<group>"; };
		CF16C01F1C6C25FD004D5122 /* Survata.framework */ = {isa = PBXFileReference; explicitFileType = wrapper.framework; includeInIndex = 0; path = Survata.framework; sourceTree = BUILT_PRODUCTS_DIR; };
		CF16C0221C6C25FD004D5122 /* Survata.h */ = {isa = PBXFileReference; lastKnownFileType = sourcecode.c.h; path = Survata.h; sourceTree = "<group>"; };
		CF16C0241C6C25FD004D5122 /* Info.plist */ = {isa = PBXFileReference; lastKnownFileType = text.plist.xml; path = Info.plist; sourceTree = "<group>"; };
		CF57C63A1C7D431700DA54EB /* survata-spinner.png */ = {isa = PBXFileReference; lastKnownFileType = image.png; path = "survata-spinner.png"; sourceTree = "<group>"; };
		CF8687611C6C42010032F22B /* template.html */ = {isa = PBXFileReference; fileEncoding = 4; lastKnownFileType = text.html; path = template.html; sourceTree = "<group>"; };
		CF955ABE1C71AA25002AEBEA /* PostalCode.swift */ = {isa = PBXFileReference; fileEncoding = 4; lastKnownFileType = sourcecode.swift; path = PostalCode.swift; sourceTree = "<group>"; };
		CF955ADE1C71B639002AEBEA /* Reachability.swift */ = {isa = PBXFileReference; fileEncoding = 4; lastKnownFileType = sourcecode.swift; path = Reachability.swift; sourceTree = "<group>"; };
		CF9CB4441C7BF9DA003AB816 /* UI.swift */ = {isa = PBXFileReference; fileEncoding = 4; lastKnownFileType = sourcecode.swift; path = UI.swift; sourceTree = "<group>"; };
		CFC0DF4D1C75690D00EBA471 /* README.md */ = {isa = PBXFileReference; fileEncoding = 4; lastKnownFileType = net.daringfireball.markdown; path = README.md; sourceTree = SOURCE_ROOT; };
/* End PBXFileReference section */

/* Begin PBXFrameworksBuildPhase section */
		CF16C01B1C6C25FD004D5122 /* Frameworks */ = {
			isa = PBXFrameworksBuildPhase;
			buildActionMask = 2147483647;
			files = (
			);
			runOnlyForDeploymentPostprocessing = 0;
		};
/* End PBXFrameworksBuildPhase section */

/* Begin PBXGroup section */
		CF16C0151C6C25FD004D5122 = {
			isa = PBXGroup;
			children = (
				CFC0DF4D1C75690D00EBA471 /* README.md */,
				CF16C0211C6C25FD004D5122 /* Survata */,
				CF16C0201C6C25FD004D5122 /* Products */,
			);
			sourceTree = "<group>";
		};
		CF16C0201C6C25FD004D5122 /* Products */ = {
			isa = PBXGroup;
			children = (
				CF16C01F1C6C25FD004D5122 /* Survata.framework */,
			);
			name = Products;
			sourceTree = "<group>";
		};
		CF16C0211C6C25FD004D5122 /* Survata */ = {
			isa = PBXGroup;
			children = (
				CF57C63A1C7D431700DA54EB /* survata-spinner.png */,
				CF16C0221C6C25FD004D5122 /* Survata.h */,
				CF9CB4441C7BF9DA003AB816 /* UI.swift */,
				271103B61D1D78EE00BCE968 /* Networking.swift */,
				271103B81D1D790100BCE968 /* Survey.swift */,
				CF955ADE1C71B639002AEBEA /* Reachability.swift */,
				CF955ABE1C71AA25002AEBEA /* PostalCode.swift */,
				CF8687611C6C42010032F22B /* template.html */,
				CF16C0241C6C25FD004D5122 /* Info.plist */,
			);
			path = Survata;
			sourceTree = "<group>";
		};
/* End PBXGroup section */

/* Begin PBXHeadersBuildPhase section */
		CF16C01C1C6C25FD004D5122 /* Headers */ = {
			isa = PBXHeadersBuildPhase;
			buildActionMask = 2147483647;
			files = (
				CF16C0231C6C25FD004D5122 /* Survata.h in Headers */,
			);
			runOnlyForDeploymentPostprocessing = 0;
		};
/* End PBXHeadersBuildPhase section */

/* Begin PBXNativeTarget section */
		CF16C01E1C6C25FD004D5122 /* Survata */ = {
			isa = PBXNativeTarget;
			buildConfigurationList = CF16C0331C6C25FE004D5122 /* Build configuration list for PBXNativeTarget "Survata" */;
			buildPhases = (
				CF16C01A1C6C25FD004D5122 /* Sources */,
				CF16C01B1C6C25FD004D5122 /* Frameworks */,
				CF16C01C1C6C25FD004D5122 /* Headers */,
				CF16C01D1C6C25FD004D5122 /* Resources */,
			);
			buildRules = (
			);
			dependencies = (
			);
			name = Survata;
			productName = Survata;
			productReference = CF16C01F1C6C25FD004D5122 /* Survata.framework */;
			productType = "com.apple.product-type.framework";
		};
/* End PBXNativeTarget section */

/* Begin PBXProject section */
		CF16C0161C6C25FD004D5122 /* Project object */ = {
			isa = PBXProject;
			attributes = {
				LastSwiftUpdateCheck = 0720;
				LastUpgradeCheck = 0720;
				ORGANIZATIONNAME = Survata;
				TargetAttributes = {
					CF16C01E1C6C25FD004D5122 = {
						CreatedOnToolsVersion = 7.2.1;
						DevelopmentTeam = 6AM6RAJ294;
					};
				};
			};
			buildConfigurationList = CF16C0191C6C25FD004D5122 /* Build configuration list for PBXProject "Survata" */;
			compatibilityVersion = "Xcode 3.2";
			developmentRegion = English;
			hasScannedForEncodings = 0;
			knownRegions = (
				en,
				Base,
			);
			mainGroup = CF16C0151C6C25FD004D5122;
			productRefGroup = CF16C0201C6C25FD004D5122 /* Products */;
			projectDirPath = "";
			projectRoot = "";
			targets = (
				CF16C01E1C6C25FD004D5122 /* Survata */,
			);
		};
/* End PBXProject section */

/* Begin PBXResourcesBuildPhase section */
		CF16C01D1C6C25FD004D5122 /* Resources */ = {
			isa = PBXResourcesBuildPhase;
			buildActionMask = 2147483647;
			files = (
				CF57C63B1C7D431700DA54EB /* survata-spinner.png in Resources */,
				CF8687621C6C42010032F22B /* template.html in Resources */,
			);
			runOnlyForDeploymentPostprocessing = 0;
		};
/* End PBXResourcesBuildPhase section */

/* Begin PBXSourcesBuildPhase section */
		CF16C01A1C6C25FD004D5122 /* Sources */ = {
			isa = PBXSourcesBuildPhase;
			buildActionMask = 2147483647;
			files = (
				271103B71D1D78EE00BCE968 /* Networking.swift in Sources */,
				CF955ABF1C71AA25002AEBEA /* PostalCode.swift in Sources */,
				271103B91D1D790100BCE968 /* Survey.swift in Sources */,
				CF955ADF1C71B639002AEBEA /* Reachability.swift in Sources */,
				CF9CB4451C7BF9DA003AB816 /* UI.swift in Sources */,
			);
			runOnlyForDeploymentPostprocessing = 0;
		};
/* End PBXSourcesBuildPhase section */

/* Begin XCBuildConfiguration section */
		CF16C0311C6C25FE004D5122 /* Debug */ = {
			isa = XCBuildConfiguration;
			buildSettings = {
				ALWAYS_SEARCH_USER_PATHS = NO;
				CLANG_CXX_LANGUAGE_STANDARD = "gnu++0x";
				CLANG_CXX_LIBRARY = "libc++";
				CLANG_ENABLE_MODULES = YES;
				CLANG_ENABLE_OBJC_ARC = YES;
				CLANG_WARN_BOOL_CONVERSION = YES;
				CLANG_WARN_CONSTANT_CONVERSION = YES;
				CLANG_WARN_DIRECT_OBJC_ISA_USAGE = YES_ERROR;
				CLANG_WARN_EMPTY_BODY = YES;
				CLANG_WARN_ENUM_CONVERSION = YES;
				CLANG_WARN_INT_CONVERSION = YES;
				CLANG_WARN_OBJC_ROOT_CLASS = YES_ERROR;
				CLANG_WARN_UNREACHABLE_CODE = YES;
				CLANG_WARN__DUPLICATE_METHOD_MATCH = YES;
				"CODE_SIGN_IDENTITY[sdk=iphoneos*]" = "iPhone Developer";
				COPY_PHASE_STRIP = NO;
				CURRENT_PROJECT_VERSION = 1;
				DEBUG_INFORMATION_FORMAT = dwarf;
				ENABLE_STRICT_OBJC_MSGSEND = YES;
				ENABLE_TESTABILITY = YES;
				GCC_C_LANGUAGE_STANDARD = gnu99;
				GCC_DYNAMIC_NO_PIC = NO;
				GCC_NO_COMMON_BLOCKS = YES;
				GCC_OPTIMIZATION_LEVEL = 0;
				GCC_PREPROCESSOR_DEFINITIONS = (
					"DEBUG=1",
					"$(inherited)",
				);
				GCC_WARN_64_TO_32_BIT_CONVERSION = YES;
				GCC_WARN_ABOUT_RETURN_TYPE = YES_ERROR;
				GCC_WARN_UNDECLARED_SELECTOR = YES;
				GCC_WARN_UNINITIALIZED_AUTOS = YES_AGGRESSIVE;
				GCC_WARN_UNUSED_FUNCTION = YES;
				GCC_WARN_UNUSED_VARIABLE = YES;
				IPHONEOS_DEPLOYMENT_TARGET = 9.2;
				MTL_ENABLE_DEBUG_INFO = YES;
				ONLY_ACTIVE_ARCH = YES;
				SDKROOT = iphoneos;
				SWIFT_OPTIMIZATION_LEVEL = "-Onone";
				TARGETED_DEVICE_FAMILY = "1,2";
				VERSIONING_SYSTEM = "apple-generic";
				VERSION_INFO_PREFIX = "";
			};
			name = Debug;
		};
		CF16C0321C6C25FE004D5122 /* Release */ = {
			isa = XCBuildConfiguration;
			buildSettings = {
				ALWAYS_SEARCH_USER_PATHS = NO;
				CLANG_CXX_LANGUAGE_STANDARD = "gnu++0x";
				CLANG_CXX_LIBRARY = "libc++";
				CLANG_ENABLE_MODULES = YES;
				CLANG_ENABLE_OBJC_ARC = YES;
				CLANG_WARN_BOOL_CONVERSION = YES;
				CLANG_WARN_CONSTANT_CONVERSION = YES;
				CLANG_WARN_DIRECT_OBJC_ISA_USAGE = YES_ERROR;
				CLANG_WARN_EMPTY_BODY = YES;
				CLANG_WARN_ENUM_CONVERSION = YES;
				CLANG_WARN_INT_CONVERSION = YES;
				CLANG_WARN_OBJC_ROOT_CLASS = YES_ERROR;
				CLANG_WARN_UNREACHABLE_CODE = YES;
				CLANG_WARN__DUPLICATE_METHOD_MATCH = YES;
				"CODE_SIGN_IDENTITY[sdk=iphoneos*]" = "iPhone Developer";
				COPY_PHASE_STRIP = NO;
				CURRENT_PROJECT_VERSION = 1;
				DEBUG_INFORMATION_FORMAT = "dwarf-with-dsym";
				ENABLE_NS_ASSERTIONS = NO;
				ENABLE_STRICT_OBJC_MSGSEND = YES;
				GCC_C_LANGUAGE_STANDARD = gnu99;
				GCC_NO_COMMON_BLOCKS = YES;
				GCC_WARN_64_TO_32_BIT_CONVERSION = YES;
				GCC_WARN_ABOUT_RETURN_TYPE = YES_ERROR;
				GCC_WARN_UNDECLARED_SELECTOR = YES;
				GCC_WARN_UNINITIALIZED_AUTOS = YES_AGGRESSIVE;
				GCC_WARN_UNUSED_FUNCTION = YES;
				GCC_WARN_UNUSED_VARIABLE = YES;
				IPHONEOS_DEPLOYMENT_TARGET = 9.2;
				MTL_ENABLE_DEBUG_INFO = NO;
				SDKROOT = iphoneos;
				TARGETED_DEVICE_FAMILY = "1,2";
				VALIDATE_PRODUCT = YES;
				VERSIONING_SYSTEM = "apple-generic";
				VERSION_INFO_PREFIX = "";
			};
			name = Release;
		};
		CF16C0341C6C25FE004D5122 /* Debug */ = {
			isa = XCBuildConfiguration;
			buildSettings = {
				CLANG_ENABLE_MODULES = YES;
				CODE_SIGN_IDENTITY = "iPhone Developer";
				DEFINES_MODULE = YES;
				DYLIB_COMPATIBILITY_VERSION = 1;
				DYLIB_CURRENT_VERSION = 1;
				DYLIB_INSTALL_NAME_BASE = "@rpath";
				INFOPLIST_FILE = Survata/Info.plist;
				INSTALL_PATH = "$(LOCAL_LIBRARY_DIR)/Frameworks";
				IPHONEOS_DEPLOYMENT_TARGET = 8.0;
				LD_RUNPATH_SEARCH_PATHS = "$(inherited) @executable_path/Frameworks @loader_path/Frameworks";
				PRODUCT_BUNDLE_IDENTIFIER = co.interactivelabs.Survata;
				PRODUCT_NAME = "$(TARGET_NAME)";
				SKIP_INSTALL = YES;
				SWIFT_OPTIMIZATION_LEVEL = "-Onone";
			};
			name = Debug;
		};
		CF16C0351C6C25FE004D5122 /* Release */ = {
			isa = XCBuildConfiguration;
			buildSettings = {
				CLANG_ENABLE_MODULES = YES;
				CODE_SIGN_IDENTITY = "iPhone Developer";
				DEFINES_MODULE = YES;
				DYLIB_COMPATIBILITY_VERSION = 1;
				DYLIB_CURRENT_VERSION = 1;
				DYLIB_INSTALL_NAME_BASE = "@rpath";
				INFOPLIST_FILE = Survata/Info.plist;
				INSTALL_PATH = "$(LOCAL_LIBRARY_DIR)/Frameworks";
				IPHONEOS_DEPLOYMENT_TARGET = 8.0;
				LD_RUNPATH_SEARCH_PATHS = "$(inherited) @executable_path/Frameworks @loader_path/Frameworks";
				PRODUCT_BUNDLE_IDENTIFIER = co.interactivelabs.Survata;
				PRODUCT_NAME = "$(TARGET_NAME)";
				SKIP_INSTALL = YES;
			};
			name = Release;
		};
/* End XCBuildConfiguration section */

/* Begin XCConfigurationList section */
		CF16C0191C6C25FD004D5122 /* Build configuration list for PBXProject "Survata" */ = {
			isa = XCConfigurationList;
			buildConfigurations = (
				CF16C0311C6C25FE004D5122 /* Debug */,
				CF16C0321C6C25FE004D5122 /* Release */,
			);
			defaultConfigurationIsVisible = 0;
			defaultConfigurationName = Release;
		};
		CF16C0331C6C25FE004D5122 /* Build configuration list for PBXNativeTarget "Survata" */ = {
			isa = XCConfigurationList;
			buildConfigurations = (
				CF16C0341C6C25FE004D5122 /* Debug */,
				CF16C0351C6C25FE004D5122 /* Release */,
			);
			defaultConfigurationIsVisible = 0;
			defaultConfigurationName = Release;
		};
/* End XCConfigurationList section */
	};
	rootObject = CF16C0161C6C25FD004D5122 /* Project object */;
}
